// !$*UTF8*$!
{
	archiveVersion = 1;
	classes = {
	};
	objectVersion = 56;
	objects = {

/* Begin PBXBuildFile section */
		EB023CBE29E2252F00038467 /* ListView.swift in Sources */ = {isa = PBXBuildFile; fileRef = EB023CBD29E2252F00038467 /* ListView.swift */; };
		EB27629429E378B700D45377 /* WordView.swift in Sources */ = {isa = PBXBuildFile; fileRef = EB27629329E378B700D45377 /* WordView.swift */; };
		EB49747A29EA4E3D007DA920 /* CreateWordView.swift in Sources */ = {isa = PBXBuildFile; fileRef = EB49747929EA4E3D007DA920 /* CreateWordView.swift */; };
		EBA2AA1A2A2391A800D390BA /* GoogleService-Info.plist in Resources */ = {isa = PBXBuildFile; fileRef = EBA2AA192A2391A800D390BA /* GoogleService-Info.plist */; };
		EBA2AA1D2A23967600D390BA /* FirebaseAnalytics in Frameworks */ = {isa = PBXBuildFile; productRef = EBA2AA1C2A23967600D390BA /* FirebaseAnalytics */; };
		EBA2AA1F2A23967600D390BA /* FirebaseAuth in Frameworks */ = {isa = PBXBuildFile; productRef = EBA2AA1E2A23967600D390BA /* FirebaseAuth */; };
		EBA2AA212A23967600D390BA /* FirebaseFirestore in Frameworks */ = {isa = PBXBuildFile; productRef = EBA2AA202A23967600D390BA /* FirebaseFirestore */; };
		EBA2AA232A23967600D390BA /* FirebaseFirestoreSwift in Frameworks */ = {isa = PBXBuildFile; productRef = EBA2AA222A23967600D390BA /* FirebaseFirestoreSwift */; };
		EBD98EBB2A25097C004829A8 /* CollectionsRepo.swift in Sources */ = {isa = PBXBuildFile; fileRef = EBD98EBA2A25097C004829A8 /* CollectionsRepo.swift */; };
		EBD98EBE2A250C9E004829A8 /* ListViewModel.swift in Sources */ = {isa = PBXBuildFile; fileRef = EBD98EBD2A250C9E004829A8 /* ListViewModel.swift */; };
		EBE36E0F29E0DD95001567B5 /* VocabularyApp.swift in Sources */ = {isa = PBXBuildFile; fileRef = EBE36E0E29E0DD95001567B5 /* VocabularyApp.swift */; };
		EBE36E1329E0DD96001567B5 /* Assets.xcassets in Resources */ = {isa = PBXBuildFile; fileRef = EBE36E1229E0DD96001567B5 /* Assets.xcassets */; };
		EBE36E1729E0DD96001567B5 /* Preview Assets.xcassets in Resources */ = {isa = PBXBuildFile; fileRef = EBE36E1629E0DD96001567B5 /* Preview Assets.xcassets */; };
		EBE36E2129E0DD97001567B5 /* VocabularyTests.swift in Sources */ = {isa = PBXBuildFile; fileRef = EBE36E2029E0DD97001567B5 /* VocabularyTests.swift */; };
		EBE36E2B29E0DD97001567B5 /* VocabularyUITests.swift in Sources */ = {isa = PBXBuildFile; fileRef = EBE36E2A29E0DD97001567B5 /* VocabularyUITests.swift */; };
		EBE36E2D29E0DD97001567B5 /* VocabularyUITestsLaunchTests.swift in Sources */ = {isa = PBXBuildFile; fileRef = EBE36E2C29E0DD97001567B5 /* VocabularyUITestsLaunchTests.swift */; };
		EBE36E3C29E0DE6D001567B5 /* BooksView.swift in Sources */ = {isa = PBXBuildFile; fileRef = EBE36E3B29E0DE6D001567B5 /* BooksView.swift */; };
		EBE36E3E29E0DE8B001567B5 /* VocabularyBook.swift in Sources */ = {isa = PBXBuildFile; fileRef = EBE36E3D29E0DE8B001567B5 /* VocabularyBook.swift */; };
		EBE36E4029E0DEB0001567B5 /* Word.swift in Sources */ = {isa = PBXBuildFile; fileRef = EBE36E3F29E0DEB0001567B5 /* Word.swift */; };
/* End PBXBuildFile section */

/* Begin PBXContainerItemProxy section */
		EBE36E1D29E0DD97001567B5 /* PBXContainerItemProxy */ = {
			isa = PBXContainerItemProxy;
			containerPortal = EBE36E0329E0DD95001567B5 /* Project object */;
			proxyType = 1;
			remoteGlobalIDString = EBE36E0A29E0DD95001567B5;
			remoteInfo = Vocabulary;
		};
		EBE36E2729E0DD97001567B5 /* PBXContainerItemProxy */ = {
			isa = PBXContainerItemProxy;
			containerPortal = EBE36E0329E0DD95001567B5 /* Project object */;
			proxyType = 1;
			remoteGlobalIDString = EBE36E0A29E0DD95001567B5;
			remoteInfo = Vocabulary;
		};
/* End PBXContainerItemProxy section */

/* Begin PBXFileReference section */
		EB023CBD29E2252F00038467 /* ListView.swift */ = {isa = PBXFileReference; lastKnownFileType = sourcecode.swift; path = ListView.swift; sourceTree = "<group>"; };
		EB27629329E378B700D45377 /* WordView.swift */ = {isa = PBXFileReference; lastKnownFileType = sourcecode.swift; path = WordView.swift; sourceTree = "<group>"; };
		EB49747929EA4E3D007DA920 /* CreateWordView.swift */ = {isa = PBXFileReference; lastKnownFileType = sourcecode.swift; path = CreateWordView.swift; sourceTree = "<group>"; };
		EBA2AA192A2391A800D390BA /* GoogleService-Info.plist */ = {isa = PBXFileReference; fileEncoding = 4; lastKnownFileType = text.plist.xml; path = "GoogleService-Info.plist"; sourceTree = "<group>"; };
		EBD98EBA2A25097C004829A8 /* CollectionsRepo.swift */ = {isa = PBXFileReference; lastKnownFileType = sourcecode.swift; path = CollectionsRepo.swift; sourceTree = "<group>"; };
		EBD98EBD2A250C9E004829A8 /* ListViewModel.swift */ = {isa = PBXFileReference; lastKnownFileType = sourcecode.swift; path = ListViewModel.swift; sourceTree = "<group>"; };
		EBE36E0B29E0DD95001567B5 /* Vocabulary.app */ = {isa = PBXFileReference; explicitFileType = wrapper.application; includeInIndex = 0; path = Vocabulary.app; sourceTree = BUILT_PRODUCTS_DIR; };
		EBE36E0E29E0DD95001567B5 /* VocabularyApp.swift */ = {isa = PBXFileReference; lastKnownFileType = sourcecode.swift; path = VocabularyApp.swift; sourceTree = "<group>"; };
		EBE36E1229E0DD96001567B5 /* Assets.xcassets */ = {isa = PBXFileReference; lastKnownFileType = folder.assetcatalog; path = Assets.xcassets; sourceTree = "<group>"; };
		EBE36E1429E0DD96001567B5 /* Vocabulary.entitlements */ = {isa = PBXFileReference; lastKnownFileType = text.plist.entitlements; path = Vocabulary.entitlements; sourceTree = "<group>"; };
		EBE36E1629E0DD96001567B5 /* Preview Assets.xcassets */ = {isa = PBXFileReference; lastKnownFileType = folder.assetcatalog; path = "Preview Assets.xcassets"; sourceTree = "<group>"; };
		EBE36E1C29E0DD97001567B5 /* VocabularyTests.xctest */ = {isa = PBXFileReference; explicitFileType = wrapper.cfbundle; includeInIndex = 0; path = VocabularyTests.xctest; sourceTree = BUILT_PRODUCTS_DIR; };
		EBE36E2029E0DD97001567B5 /* VocabularyTests.swift */ = {isa = PBXFileReference; lastKnownFileType = sourcecode.swift; path = VocabularyTests.swift; sourceTree = "<group>"; };
		EBE36E2629E0DD97001567B5 /* VocabularyUITests.xctest */ = {isa = PBXFileReference; explicitFileType = wrapper.cfbundle; includeInIndex = 0; path = VocabularyUITests.xctest; sourceTree = BUILT_PRODUCTS_DIR; };
		EBE36E2A29E0DD97001567B5 /* VocabularyUITests.swift */ = {isa = PBXFileReference; lastKnownFileType = sourcecode.swift; path = VocabularyUITests.swift; sourceTree = "<group>"; };
		EBE36E2C29E0DD97001567B5 /* VocabularyUITestsLaunchTests.swift */ = {isa = PBXFileReference; lastKnownFileType = sourcecode.swift; path = VocabularyUITestsLaunchTests.swift; sourceTree = "<group>"; };
		EBE36E3B29E0DE6D001567B5 /* BooksView.swift */ = {isa = PBXFileReference; lastKnownFileType = sourcecode.swift; path = BooksView.swift; sourceTree = "<group>"; };
		EBE36E3D29E0DE8B001567B5 /* VocabularyBook.swift */ = {isa = PBXFileReference; lastKnownFileType = sourcecode.swift; path = VocabularyBook.swift; sourceTree = "<group>"; };
		EBE36E3F29E0DEB0001567B5 /* Word.swift */ = {isa = PBXFileReference; lastKnownFileType = sourcecode.swift; path = Word.swift; sourceTree = "<group>"; };
/* End PBXFileReference section */

/* Begin PBXFrameworksBuildPhase section */
		EBE36E0829E0DD95001567B5 /* Frameworks */ = {
			isa = PBXFrameworksBuildPhase;
			buildActionMask = 2147483647;
			files = (
				EBA2AA1D2A23967600D390BA /* FirebaseAnalytics in Frameworks */,
				EBA2AA1F2A23967600D390BA /* FirebaseAuth in Frameworks */,
				EBA2AA212A23967600D390BA /* FirebaseFirestore in Frameworks */,
				EBA2AA232A23967600D390BA /* FirebaseFirestoreSwift in Frameworks */,
			);
			runOnlyForDeploymentPostprocessing = 0;
		};
		EBE36E1929E0DD97001567B5 /* Frameworks */ = {
			isa = PBXFrameworksBuildPhase;
			buildActionMask = 2147483647;
			files = (
			);
			runOnlyForDeploymentPostprocessing = 0;
		};
		EBE36E2329E0DD97001567B5 /* Frameworks */ = {
			isa = PBXFrameworksBuildPhase;
			buildActionMask = 2147483647;
			files = (
			);
			runOnlyForDeploymentPostprocessing = 0;
		};
/* End PBXFrameworksBuildPhase section */

/* Begin PBXGroup section */
		EBD98EBC2A250C83004829A8 /* View Models */ = {
			isa = PBXGroup;
			children = (
				EBD98EBD2A250C9E004829A8 /* ListViewModel.swift */,
			);
			path = "View Models";
			sourceTree = "<group>";
		};
		EBE36E0229E0DD95001567B5 = {
			isa = PBXGroup;
			children = (
				EBE36E0D29E0DD95001567B5 /* Vocabulary */,
				EBE36E1F29E0DD97001567B5 /* VocabularyTests */,
				EBE36E2929E0DD97001567B5 /* VocabularyUITests */,
				EBE36E0C29E0DD95001567B5 /* Products */,
			);
			sourceTree = "<group>";
		};
		EBE36E0C29E0DD95001567B5 /* Products */ = {
			isa = PBXGroup;
			children = (
				EBE36E0B29E0DD95001567B5 /* Vocabulary.app */,
				EBE36E1C29E0DD97001567B5 /* VocabularyTests.xctest */,
				EBE36E2629E0DD97001567B5 /* VocabularyUITests.xctest */,
			);
			name = Products;
			sourceTree = "<group>";
		};
		EBE36E0D29E0DD95001567B5 /* Vocabulary */ = {
			isa = PBXGroup;
			children = (
				EBE36E0E29E0DD95001567B5 /* VocabularyApp.swift */,
				EBE36E3929E0DE2C001567B5 /* Models */,
				EBE36E3A29E0DE39001567B5 /* Views */,
				EBD98EBC2A250C83004829A8 /* View Models */,
				EBD98EBA2A25097C004829A8 /* CollectionsRepo.swift */,
				EBE36E1229E0DD96001567B5 /* Assets.xcassets */,
				EBA2AA192A2391A800D390BA /* GoogleService-Info.plist */,
				EBE36E1429E0DD96001567B5 /* Vocabulary.entitlements */,
				EBE36E1529E0DD96001567B5 /* Preview Content */,
			);
			path = Vocabulary;
			sourceTree = "<group>";
		};
		EBE36E1529E0DD96001567B5 /* Preview Content */ = {
			isa = PBXGroup;
			children = (
				EBE36E1629E0DD96001567B5 /* Preview Assets.xcassets */,
			);
			path = "Preview Content";
			sourceTree = "<group>";
		};
		EBE36E1F29E0DD97001567B5 /* VocabularyTests */ = {
			isa = PBXGroup;
			children = (
				EBE36E2029E0DD97001567B5 /* VocabularyTests.swift */,
			);
			path = VocabularyTests;
			sourceTree = "<group>";
		};
		EBE36E2929E0DD97001567B5 /* VocabularyUITests */ = {
			isa = PBXGroup;
			children = (
				EBE36E2A29E0DD97001567B5 /* VocabularyUITests.swift */,
				EBE36E2C29E0DD97001567B5 /* VocabularyUITestsLaunchTests.swift */,
			);
			path = VocabularyUITests;
			sourceTree = "<group>";
		};
		EBE36E3929E0DE2C001567B5 /* Models */ = {
			isa = PBXGroup;
			children = (
				EBE36E3F29E0DEB0001567B5 /* Word.swift */,
				EBE36E3D29E0DE8B001567B5 /* VocabularyBook.swift */,
			);
			path = Models;
			sourceTree = "<group>";
		};
		EBE36E3A29E0DE39001567B5 /* Views */ = {
			isa = PBXGroup;
			children = (
				EB49747929EA4E3D007DA920 /* CreateWordView.swift */,
				EBE36E3B29E0DE6D001567B5 /* BooksView.swift */,
				EB023CBD29E2252F00038467 /* ListView.swift */,
				EB27629329E378B700D45377 /* WordView.swift */,
			);
			path = Views;
			sourceTree = "<group>";
		};
/* End PBXGroup section */

/* Begin PBXNativeTarget section */
		EBE36E0A29E0DD95001567B5 /* Vocabulary */ = {
			isa = PBXNativeTarget;
			buildConfigurationList = EBE36E3029E0DD97001567B5 /* Build configuration list for PBXNativeTarget "Vocabulary" */;
			buildPhases = (
				EBE36E0729E0DD95001567B5 /* Sources */,
				EBE36E0829E0DD95001567B5 /* Frameworks */,
				EBE36E0929E0DD95001567B5 /* Resources */,
			);
			buildRules = (
			);
			dependencies = (
			);
			name = Vocabulary;
			packageProductDependencies = (
				EBA2AA1C2A23967600D390BA /* FirebaseAnalytics */,
				EBA2AA1E2A23967600D390BA /* FirebaseAuth */,
				EBA2AA202A23967600D390BA /* FirebaseFirestore */,
				EBA2AA222A23967600D390BA /* FirebaseFirestoreSwift */,
			);
			productName = Vocabulary;
			productReference = EBE36E0B29E0DD95001567B5 /* Vocabulary.app */;
			productType = "com.apple.product-type.application";
		};
		EBE36E1B29E0DD97001567B5 /* VocabularyTests */ = {
			isa = PBXNativeTarget;
			buildConfigurationList = EBE36E3329E0DD97001567B5 /* Build configuration list for PBXNativeTarget "VocabularyTests" */;
			buildPhases = (
				EBE36E1829E0DD97001567B5 /* Sources */,
				EBE36E1929E0DD97001567B5 /* Frameworks */,
				EBE36E1A29E0DD97001567B5 /* Resources */,
			);
			buildRules = (
			);
			dependencies = (
				EBE36E1E29E0DD97001567B5 /* PBXTargetDependency */,
			);
			name = VocabularyTests;
			productName = VocabularyTests;
			productReference = EBE36E1C29E0DD97001567B5 /* VocabularyTests.xctest */;
			productType = "com.apple.product-type.bundle.unit-test";
		};
		EBE36E2529E0DD97001567B5 /* VocabularyUITests */ = {
			isa = PBXNativeTarget;
			buildConfigurationList = EBE36E3629E0DD97001567B5 /* Build configuration list for PBXNativeTarget "VocabularyUITests" */;
			buildPhases = (
				EBE36E2229E0DD97001567B5 /* Sources */,
				EBE36E2329E0DD97001567B5 /* Frameworks */,
				EBE36E2429E0DD97001567B5 /* Resources */,
			);
			buildRules = (
			);
			dependencies = (
				EBE36E2829E0DD97001567B5 /* PBXTargetDependency */,
			);
			name = VocabularyUITests;
			productName = VocabularyUITests;
			productReference = EBE36E2629E0DD97001567B5 /* VocabularyUITests.xctest */;
			productType = "com.apple.product-type.bundle.ui-testing";
		};
/* End PBXNativeTarget section */

/* Begin PBXProject section */
		EBE36E0329E0DD95001567B5 /* Project object */ = {
			isa = PBXProject;
			attributes = {
				BuildIndependentTargetsInParallel = 1;
				LastSwiftUpdateCheck = 1420;
				LastUpgradeCheck = 1430;
				TargetAttributes = {
					EBE36E0A29E0DD95001567B5 = {
						CreatedOnToolsVersion = 14.2;
					};
					EBE36E1B29E0DD97001567B5 = {
						CreatedOnToolsVersion = 14.2;
						TestTargetID = EBE36E0A29E0DD95001567B5;
					};
					EBE36E2529E0DD97001567B5 = {
						CreatedOnToolsVersion = 14.2;
						TestTargetID = EBE36E0A29E0DD95001567B5;
					};
				};
			};
			buildConfigurationList = EBE36E0629E0DD95001567B5 /* Build configuration list for PBXProject "Vocabulary" */;
			compatibilityVersion = "Xcode 14.0";
			developmentRegion = en;
			hasScannedForEncodings = 0;
			knownRegions = (
				en,
				Base,
			);
			mainGroup = EBE36E0229E0DD95001567B5;
			packageReferences = (
				EBA2AA1B2A23967600D390BA /* XCRemoteSwiftPackageReference "firebase-ios-sdk" */,
			);
			productRefGroup = EBE36E0C29E0DD95001567B5 /* Products */;
			projectDirPath = "";
			projectRoot = "";
			targets = (
				EBE36E0A29E0DD95001567B5 /* Vocabulary */,
				EBE36E1B29E0DD97001567B5 /* VocabularyTests */,
				EBE36E2529E0DD97001567B5 /* VocabularyUITests */,
			);
		};
/* End PBXProject section */

/* Begin PBXResourcesBuildPhase section */
		EBE36E0929E0DD95001567B5 /* Resources */ = {
			isa = PBXResourcesBuildPhase;
			buildActionMask = 2147483647;
			files = (
				EBE36E1729E0DD96001567B5 /* Preview Assets.xcassets in Resources */,
				EBE36E1329E0DD96001567B5 /* Assets.xcassets in Resources */,
				EBA2AA1A2A2391A800D390BA /* GoogleService-Info.plist in Resources */,
			);
			runOnlyForDeploymentPostprocessing = 0;
		};
		EBE36E1A29E0DD97001567B5 /* Resources */ = {
			isa = PBXResourcesBuildPhase;
			buildActionMask = 2147483647;
			files = (
			);
			runOnlyForDeploymentPostprocessing = 0;
		};
		EBE36E2429E0DD97001567B5 /* Resources */ = {
			isa = PBXResourcesBuildPhase;
			buildActionMask = 2147483647;
			files = (
			);
			runOnlyForDeploymentPostprocessing = 0;
		};
/* End PBXResourcesBuildPhase section */

/* Begin PBXSourcesBuildPhase section */
		EBE36E0729E0DD95001567B5 /* Sources */ = {
			isa = PBXSourcesBuildPhase;
			buildActionMask = 2147483647;
			files = (
				EBD98EBB2A25097C004829A8 /* CollectionsRepo.swift in Sources */,
				EBE36E3C29E0DE6D001567B5 /* BooksView.swift in Sources */,
				EB49747A29EA4E3D007DA920 /* CreateWordView.swift in Sources */,
				EB27629429E378B700D45377 /* WordView.swift in Sources */,
				EBE36E4029E0DEB0001567B5 /* Word.swift in Sources */,
				EBE36E3E29E0DE8B001567B5 /* VocabularyBook.swift in Sources */,
				EB023CBE29E2252F00038467 /* ListView.swift in Sources */,
				EBD98EBE2A250C9E004829A8 /* ListViewModel.swift in Sources */,
				EBE36E0F29E0DD95001567B5 /* VocabularyApp.swift in Sources */,
			);
			runOnlyForDeploymentPostprocessing = 0;
		};
		EBE36E1829E0DD97001567B5 /* Sources */ = {
			isa = PBXSourcesBuildPhase;
			buildActionMask = 2147483647;
			files = (
				EBE36E2129E0DD97001567B5 /* VocabularyTests.swift in Sources */,
			);
			runOnlyForDeploymentPostprocessing = 0;
		};
		EBE36E2229E0DD97001567B5 /* Sources */ = {
			isa = PBXSourcesBuildPhase;
			buildActionMask = 2147483647;
			files = (
				EBE36E2D29E0DD97001567B5 /* VocabularyUITestsLaunchTests.swift in Sources */,
				EBE36E2B29E0DD97001567B5 /* VocabularyUITests.swift in Sources */,
			);
			runOnlyForDeploymentPostprocessing = 0;
		};
/* End PBXSourcesBuildPhase section */

/* Begin PBXTargetDependency section */
		EBE36E1E29E0DD97001567B5 /* PBXTargetDependency */ = {
			isa = PBXTargetDependency;
			target = EBE36E0A29E0DD95001567B5 /* Vocabulary */;
			targetProxy = EBE36E1D29E0DD97001567B5 /* PBXContainerItemProxy */;
		};
		EBE36E2829E0DD97001567B5 /* PBXTargetDependency */ = {
			isa = PBXTargetDependency;
			target = EBE36E0A29E0DD95001567B5 /* Vocabulary */;
			targetProxy = EBE36E2729E0DD97001567B5 /* PBXContainerItemProxy */;
		};
/* End PBXTargetDependency section */

/* Begin XCBuildConfiguration section */
		EBE36E2E29E0DD97001567B5 /* Debug */ = {
			isa = XCBuildConfiguration;
			buildSettings = {
				ALWAYS_SEARCH_USER_PATHS = NO;
				CLANG_ANALYZER_NONNULL = YES;
				CLANG_ANALYZER_NUMBER_OBJECT_CONVERSION = YES_AGGRESSIVE;
				CLANG_CXX_LANGUAGE_STANDARD = "gnu++20";
				CLANG_ENABLE_MODULES = YES;
				CLANG_ENABLE_OBJC_ARC = YES;
				CLANG_ENABLE_OBJC_WEAK = YES;
				CLANG_WARN_BLOCK_CAPTURE_AUTORELEASING = YES;
				CLANG_WARN_BOOL_CONVERSION = YES;
				CLANG_WARN_COMMA = YES;
				CLANG_WARN_CONSTANT_CONVERSION = YES;
				CLANG_WARN_DEPRECATED_OBJC_IMPLEMENTATIONS = YES;
				CLANG_WARN_DIRECT_OBJC_ISA_USAGE = YES_ERROR;
				CLANG_WARN_DOCUMENTATION_COMMENTS = YES;
				CLANG_WARN_EMPTY_BODY = YES;
				CLANG_WARN_ENUM_CONVERSION = YES;
				CLANG_WARN_INFINITE_RECURSION = YES;
				CLANG_WARN_INT_CONVERSION = YES;
				CLANG_WARN_NON_LITERAL_NULL_CONVERSION = YES;
				CLANG_WARN_OBJC_IMPLICIT_RETAIN_SELF = YES;
				CLANG_WARN_OBJC_LITERAL_CONVERSION = YES;
				CLANG_WARN_OBJC_ROOT_CLASS = YES_ERROR;
				CLANG_WARN_QUOTED_INCLUDE_IN_FRAMEWORK_HEADER = YES;
				CLANG_WARN_RANGE_LOOP_ANALYSIS = YES;
				CLANG_WARN_STRICT_PROTOTYPES = YES;
				CLANG_WARN_SUSPICIOUS_MOVE = YES;
				CLANG_WARN_UNGUARDED_AVAILABILITY = YES_AGGRESSIVE;
				CLANG_WARN_UNREACHABLE_CODE = YES;
				CLANG_WARN__DUPLICATE_METHOD_MATCH = YES;
				COPY_PHASE_STRIP = NO;
				DEAD_CODE_STRIPPING = YES;
				DEBUG_INFORMATION_FORMAT = dwarf;
				ENABLE_STRICT_OBJC_MSGSEND = YES;
				ENABLE_TESTABILITY = YES;
				GCC_C_LANGUAGE_STANDARD = gnu11;
				GCC_DYNAMIC_NO_PIC = NO;
				GCC_NO_COMMON_BLOCKS = YES;
				GCC_OPTIMIZATION_LEVEL = 0;
				GCC_PREPROCESSOR_DEFINITIONS = (
					"DEBUG=1",
					"$(inherited)",
				);
				GCC_WARN_64_TO_32_BIT_CONVERSION = YES;
				GCC_WARN_ABOUT_RETURN_TYPE = YES_ERROR;
				GCC_WARN_UNDECLARED_SELECTOR = YES;
				GCC_WARN_UNINITIALIZED_AUTOS = YES_AGGRESSIVE;
				GCC_WARN_UNUSED_FUNCTION = YES;
				GCC_WARN_UNUSED_VARIABLE = YES;
				MTL_ENABLE_DEBUG_INFO = INCLUDE_SOURCE;
				MTL_FAST_MATH = YES;
				ONLY_ACTIVE_ARCH = YES;
				SWIFT_ACTIVE_COMPILATION_CONDITIONS = DEBUG;
				SWIFT_OPTIMIZATION_LEVEL = "-Onone";
			};
			name = Debug;
		};
		EBE36E2F29E0DD97001567B5 /* Release */ = {
			isa = XCBuildConfiguration;
			buildSettings = {
				ALWAYS_SEARCH_USER_PATHS = NO;
				CLANG_ANALYZER_NONNULL = YES;
				CLANG_ANALYZER_NUMBER_OBJECT_CONVERSION = YES_AGGRESSIVE;
				CLANG_CXX_LANGUAGE_STANDARD = "gnu++20";
				CLANG_ENABLE_MODULES = YES;
				CLANG_ENABLE_OBJC_ARC = YES;
				CLANG_ENABLE_OBJC_WEAK = YES;
				CLANG_WARN_BLOCK_CAPTURE_AUTORELEASING = YES;
				CLANG_WARN_BOOL_CONVERSION = YES;
				CLANG_WARN_COMMA = YES;
				CLANG_WARN_CONSTANT_CONVERSION = YES;
				CLANG_WARN_DEPRECATED_OBJC_IMPLEMENTATIONS = YES;
				CLANG_WARN_DIRECT_OBJC_ISA_USAGE = YES_ERROR;
				CLANG_WARN_DOCUMENTATION_COMMENTS = YES;
				CLANG_WARN_EMPTY_BODY = YES;
				CLANG_WARN_ENUM_CONVERSION = YES;
				CLANG_WARN_INFINITE_RECURSION = YES;
				CLANG_WARN_INT_CONVERSION = YES;
				CLANG_WARN_NON_LITERAL_NULL_CONVERSION = YES;
				CLANG_WARN_OBJC_IMPLICIT_RETAIN_SELF = YES;
				CLANG_WARN_OBJC_LITERAL_CONVERSION = YES;
				CLANG_WARN_OBJC_ROOT_CLASS = YES_ERROR;
				CLANG_WARN_QUOTED_INCLUDE_IN_FRAMEWORK_HEADER = YES;
				CLANG_WARN_RANGE_LOOP_ANALYSIS = YES;
				CLANG_WARN_STRICT_PROTOTYPES = YES;
				CLANG_WARN_SUSPICIOUS_MOVE = YES;
				CLANG_WARN_UNGUARDED_AVAILABILITY = YES_AGGRESSIVE;
				CLANG_WARN_UNREACHABLE_CODE = YES;
				CLANG_WARN__DUPLICATE_METHOD_MATCH = YES;
				COPY_PHASE_STRIP = NO;
				DEAD_CODE_STRIPPING = YES;
				DEBUG_INFORMATION_FORMAT = "dwarf-with-dsym";
				ENABLE_NS_ASSERTIONS = NO;
				ENABLE_STRICT_OBJC_MSGSEND = YES;
				GCC_C_LANGUAGE_STANDARD = gnu11;
				GCC_NO_COMMON_BLOCKS = YES;
				GCC_WARN_64_TO_32_BIT_CONVERSION = YES;
				GCC_WARN_ABOUT_RETURN_TYPE = YES_ERROR;
				GCC_WARN_UNDECLARED_SELECTOR = YES;
				GCC_WARN_UNINITIALIZED_AUTOS = YES_AGGRESSIVE;
				GCC_WARN_UNUSED_FUNCTION = YES;
				GCC_WARN_UNUSED_VARIABLE = YES;
				MTL_ENABLE_DEBUG_INFO = NO;
				MTL_FAST_MATH = YES;
				SWIFT_COMPILATION_MODE = wholemodule;
				SWIFT_OPTIMIZATION_LEVEL = "-O";
			};
			name = Release;
		};
		EBE36E3129E0DD97001567B5 /* Debug */ = {
			isa = XCBuildConfiguration;
			buildSettings = {
				ASSETCATALOG_COMPILER_APPICON_NAME = AppIcon;
				ASSETCATALOG_COMPILER_GLOBAL_ACCENT_COLOR_NAME = AccentColor;
				CODE_SIGN_ENTITLEMENTS = Vocabulary/Vocabulary.entitlements;
				CODE_SIGN_STYLE = Automatic;
				CURRENT_PROJECT_VERSION = 1;
				DEAD_CODE_STRIPPING = YES;
				DEVELOPMENT_ASSET_PATHS = "\"Vocabulary/Preview Content\"";
				ENABLE_PREVIEWS = YES;
				GENERATE_INFOPLIST_FILE = YES;
				"INFOPLIST_KEY_UIApplicationSceneManifest_Generation[sdk=iphoneos*]" = YES;
				"INFOPLIST_KEY_UIApplicationSceneManifest_Generation[sdk=iphonesimulator*]" = YES;
				"INFOPLIST_KEY_UIApplicationSupportsIndirectInputEvents[sdk=iphoneos*]" = YES;
				"INFOPLIST_KEY_UIApplicationSupportsIndirectInputEvents[sdk=iphonesimulator*]" = YES;
				"INFOPLIST_KEY_UILaunchScreen_Generation[sdk=iphoneos*]" = YES;
				"INFOPLIST_KEY_UILaunchScreen_Generation[sdk=iphonesimulator*]" = YES;
				"INFOPLIST_KEY_UIStatusBarStyle[sdk=iphoneos*]" = UIStatusBarStyleDefault;
				"INFOPLIST_KEY_UIStatusBarStyle[sdk=iphonesimulator*]" = UIStatusBarStyleDefault;
				INFOPLIST_KEY_UISupportedInterfaceOrientations_iPad = "UIInterfaceOrientationPortrait UIInterfaceOrientationPortraitUpsideDown UIInterfaceOrientationLandscapeLeft UIInterfaceOrientationLandscapeRight";
				INFOPLIST_KEY_UISupportedInterfaceOrientations_iPhone = "UIInterfaceOrientationPortrait UIInterfaceOrientationLandscapeLeft UIInterfaceOrientationLandscapeRight";
				IPHONEOS_DEPLOYMENT_TARGET = 16.2;
				LD_RUNPATH_SEARCH_PATHS = "@executable_path/Frameworks";
				"LD_RUNPATH_SEARCH_PATHS[sdk=macosx*]" = "@executable_path/../Frameworks";
				MACOSX_DEPLOYMENT_TARGET = 13.1;
				MARKETING_VERSION = 1.0;
				PRODUCT_BUNDLE_IDENTIFIER = project.Vocabulary;
				PRODUCT_NAME = "$(TARGET_NAME)";
				SDKROOT = auto;
				SUPPORTED_PLATFORMS = "iphoneos iphonesimulator macosx";
				SWIFT_EMIT_LOC_STRINGS = YES;
				SWIFT_VERSION = 5.0;
				TARGETED_DEVICE_FAMILY = "1,2";
			};
			name = Debug;
		};
		EBE36E3229E0DD97001567B5 /* Release */ = {
			isa = XCBuildConfiguration;
			buildSettings = {
				ASSETCATALOG_COMPILER_APPICON_NAME = AppIcon;
				ASSETCATALOG_COMPILER_GLOBAL_ACCENT_COLOR_NAME = AccentColor;
				CODE_SIGN_ENTITLEMENTS = Vocabulary/Vocabulary.entitlements;
				CODE_SIGN_STYLE = Automatic;
				CURRENT_PROJECT_VERSION = 1;
				DEAD_CODE_STRIPPING = YES;
				DEVELOPMENT_ASSET_PATHS = "\"Vocabulary/Preview Content\"";
				ENABLE_PREVIEWS = YES;
				GENERATE_INFOPLIST_FILE = YES;
				"INFOPLIST_KEY_UIApplicationSceneManifest_Generation[sdk=iphoneos*]" = YES;
				"INFOPLIST_KEY_UIApplicationSceneManifest_Generation[sdk=iphonesimulator*]" = YES;
				"INFOPLIST_KEY_UIApplicationSupportsIndirectInputEvents[sdk=iphoneos*]" = YES;
				"INFOPLIST_KEY_UIApplicationSupportsIndirectInputEvents[sdk=iphonesimulator*]" = YES;
				"INFOPLIST_KEY_UILaunchScreen_Generation[sdk=iphoneos*]" = YES;
				"INFOPLIST_KEY_UILaunchScreen_Generation[sdk=iphonesimulator*]" = YES;
				"INFOPLIST_KEY_UIStatusBarStyle[sdk=iphoneos*]" = UIStatusBarStyleDefault;
				"INFOPLIST_KEY_UIStatusBarStyle[sdk=iphonesimulator*]" = UIStatusBarStyleDefault;
				INFOPLIST_KEY_UISupportedInterfaceOrientations_iPad = "UIInterfaceOrientationPortrait UIInterfaceOrientationPortraitUpsideDown UIInterfaceOrientationLandscapeLeft UIInterfaceOrientationLandscapeRight";
				INFOPLIST_KEY_UISupportedInterfaceOrientations_iPhone = "UIInterfaceOrientationPortrait UIInterfaceOrientationLandscapeLeft UIInterfaceOrientationLandscapeRight";
				IPHONEOS_DEPLOYMENT_TARGET = 16.2;
				LD_RUNPATH_SEARCH_PATHS = "@executable_path/Frameworks";
				"LD_RUNPATH_SEARCH_PATHS[sdk=macosx*]" = "@executable_path/../Frameworks";
				MACOSX_DEPLOYMENT_TARGET = 13.1;
				MARKETING_VERSION = 1.0;
				PRODUCT_BUNDLE_IDENTIFIER = project.Vocabulary;
				PRODUCT_NAME = "$(TARGET_NAME)";
				SDKROOT = auto;
				SUPPORTED_PLATFORMS = "iphoneos iphonesimulator macosx";
				SWIFT_EMIT_LOC_STRINGS = YES;
				SWIFT_VERSION = 5.0;
				TARGETED_DEVICE_FAMILY = "1,2";
			};
			name = Release;
		};
		EBE36E3429E0DD97001567B5 /* Debug */ = {
			isa = XCBuildConfiguration;
			buildSettings = {
				ALWAYS_EMBED_SWIFT_STANDARD_LIBRARIES = YES;
				BUNDLE_LOADER = "$(TEST_HOST)";
				CODE_SIGN_STYLE = Automatic;
				CURRENT_PROJECT_VERSION = 1;
				DEAD_CODE_STRIPPING = YES;
				GENERATE_INFOPLIST_FILE = YES;
				IPHONEOS_DEPLOYMENT_TARGET = 16.2;
				MACOSX_DEPLOYMENT_TARGET = 13.1;
				MARKETING_VERSION = 1.0;
				PRODUCT_BUNDLE_IDENTIFIER = project.VocabularyTests;
				PRODUCT_NAME = "$(TARGET_NAME)";
				SDKROOT = auto;
				SUPPORTED_PLATFORMS = "iphoneos iphonesimulator macosx";
				SWIFT_EMIT_LOC_STRINGS = NO;
				SWIFT_VERSION = 5.0;
				TARGETED_DEVICE_FAMILY = "1,2";
				TEST_HOST = "$(BUILT_PRODUCTS_DIR)/Vocabulary.app/$(BUNDLE_EXECUTABLE_FOLDER_PATH)/Vocabulary";
			};
			name = Debug;
		};
		EBE36E3529E0DD97001567B5 /* Release */ = {
			isa = XCBuildConfiguration;
			buildSettings = {
				ALWAYS_EMBED_SWIFT_STANDARD_LIBRARIES = YES;
				BUNDLE_LOADER = "$(TEST_HOST)";
				CODE_SIGN_STYLE = Automatic;
				CURRENT_PROJECT_VERSION = 1;
				DEAD_CODE_STRIPPING = YES;
				GENERATE_INFOPLIST_FILE = YES;
				IPHONEOS_DEPLOYMENT_TARGET = 16.2;
				MACOSX_DEPLOYMENT_TARGET = 13.1;
				MARKETING_VERSION = 1.0;
				PRODUCT_BUNDLE_IDENTIFIER = project.VocabularyTests;
				PRODUCT_NAME = "$(TARGET_NAME)";
				SDKROOT = auto;
				SUPPORTED_PLATFORMS = "iphoneos iphonesimulator macosx";
				SWIFT_EMIT_LOC_STRINGS = NO;
				SWIFT_VERSION = 5.0;
				TARGETED_DEVICE_FAMILY = "1,2";
				TEST_HOST = "$(BUILT_PRODUCTS_DIR)/Vocabulary.app/$(BUNDLE_EXECUTABLE_FOLDER_PATH)/Vocabulary";
			};
			name = Release;
		};
		EBE36E3729E0DD97001567B5 /* Debug */ = {
			isa = XCBuildConfiguration;
			buildSettings = {
				ALWAYS_EMBED_SWIFT_STANDARD_LIBRARIES = YES;
				CODE_SIGN_STYLE = Automatic;
				CURRENT_PROJECT_VERSION = 1;
				DEAD_CODE_STRIPPING = YES;
				GENERATE_INFOPLIST_FILE = YES;
				IPHONEOS_DEPLOYMENT_TARGET = 16.2;
				MACOSX_DEPLOYMENT_TARGET = 13.1;
				MARKETING_VERSION = 1.0;
				PRODUCT_BUNDLE_IDENTIFIER = project.VocabularyUITests;
				PRODUCT_NAME = "$(TARGET_NAME)";
				SDKROOT = auto;
				SUPPORTED_PLATFORMS = "iphoneos iphonesimulator macosx";
				SWIFT_EMIT_LOC_STRINGS = NO;
				SWIFT_VERSION = 5.0;
				TARGETED_DEVICE_FAMILY = "1,2";
				TEST_TARGET_NAME = Vocabulary;
			};
			name = Debug;
		};
		EBE36E3829E0DD97001567B5 /* Release */ = {
			isa = XCBuildConfiguration;
			buildSettings = {
				ALWAYS_EMBED_SWIFT_STANDARD_LIBRARIES = YES;
				CODE_SIGN_STYLE = Automatic;
				CURRENT_PROJECT_VERSION = 1;
				DEAD_CODE_STRIPPING = YES;
				GENERATE_INFOPLIST_FILE = YES;
				IPHONEOS_DEPLOYMENT_TARGET = 16.2;
				MACOSX_DEPLOYMENT_TARGET = 13.1;
				MARKETING_VERSION = 1.0;
				PRODUCT_BUNDLE_IDENTIFIER = project.VocabularyUITests;
				PRODUCT_NAME = "$(TARGET_NAME)";
				SDKROOT = auto;
				SUPPORTED_PLATFORMS = "iphoneos iphonesimulator macosx";
				SWIFT_EMIT_LOC_STRINGS = NO;
				SWIFT_VERSION = 5.0;
				TARGETED_DEVICE_FAMILY = "1,2";
				TEST_TARGET_NAME = Vocabulary;
			};
			name = Release;
		};
/* End XCBuildConfiguration section */

/* Begin XCConfigurationList section */
		EBE36E0629E0DD95001567B5 /* Build configuration list for PBXProject "Vocabulary" */ = {
			isa = XCConfigurationList;
			buildConfigurations = (
				EBE36E2E29E0DD97001567B5 /* Debug */,
				EBE36E2F29E0DD97001567B5 /* Release */,
			);
			defaultConfigurationIsVisible = 0;
			defaultConfigurationName = Release;
		};
		EBE36E3029E0DD97001567B5 /* Build configuration list for PBXNativeTarget "Vocabulary" */ = {
			isa = XCConfigurationList;
			buildConfigurations = (
				EBE36E3129E0DD97001567B5 /* Debug */,
				EBE36E3229E0DD97001567B5 /* Release */,
			);
			defaultConfigurationIsVisible = 0;
			defaultConfigurationName = Release;
		};
		EBE36E3329E0DD97001567B5 /* Build configuration list for PBXNativeTarget "VocabularyTests" */ = {
			isa = XCConfigurationList;
			buildConfigurations = (
				EBE36E3429E0DD97001567B5 /* Debug */,
				EBE36E3529E0DD97001567B5 /* Release */,
			);
			defaultConfigurationIsVisible = 0;
			defaultConfigurationName = Release;
		};
		EBE36E3629E0DD97001567B5 /* Build configuration list for PBXNativeTarget "VocabularyUITests" */ = {
			isa = XCConfigurationList;
			buildConfigurations = (
				EBE36E3729E0DD97001567B5 /* Debug */,
				EBE36E3829E0DD97001567B5 /* Release */,
			);
			defaultConfigurationIsVisible = 0;
			defaultConfigurationName = Release;
		};
/* End XCConfigurationList section */

/* Begin XCRemoteSwiftPackageReference section */
		EBA2AA1B2A23967600D390BA /* XCRemoteSwiftPackageReference "firebase-ios-sdk" */ = {
			isa = XCRemoteSwiftPackageReference;
			repositoryURL = "https://github.com/firebase/firebase-ios-sdk";
			requirement = {
				kind = upToNextMajorVersion;
				minimumVersion = 10.0.0;
			};
		};
/* End XCRemoteSwiftPackageReference section */

/* Begin XCSwiftPackageProductDependency section */
		EBA2AA1C2A23967600D390BA /* FirebaseAnalytics */ = {
			isa = XCSwiftPackageProductDependency;
			package = EBA2AA1B2A23967600D390BA /* XCRemoteSwiftPackageReference "firebase-ios-sdk" */;
			productName = FirebaseAnalytics;
		};
		EBA2AA1E2A23967600D390BA /* FirebaseAuth */ = {
			isa = XCSwiftPackageProductDependency;
			package = EBA2AA1B2A23967600D390BA /* XCRemoteSwiftPackageReference "firebase-ios-sdk" */;
			productName = FirebaseAuth;
		};
		EBA2AA202A23967600D390BA /* FirebaseFirestore */ = {
			isa = XCSwiftPackageProductDependency;
			package = EBA2AA1B2A23967600D390BA /* XCRemoteSwiftPackageReference "firebase-ios-sdk" */;
			productName = FirebaseFirestore;
		};
		EBA2AA222A23967600D390BA /* FirebaseFirestoreSwift */ = {
			isa = XCSwiftPackageProductDependency;
			package = EBA2AA1B2A23967600D390BA /* XCRemoteSwiftPackageReference "firebase-ios-sdk" */;
			productName = FirebaseFirestoreSwift;
		};
/* End XCSwiftPackageProductDependency section */
	};
	rootObject = EBE36E0329E0DD95001567B5 /* Project object */;
}
